
Microsoft Visual Studio Solution File, Format Version 12.00
# Visual Studio Version 16
VisualStudioVersion = 16.0.30621.155
MinimumVisualStudioVersion = 10.0.40219.1
Project("{FAE04EC0-301F-11D3-BF4B-00C04F79EFBC}") = "IncidentsByTechnician", "IncidentsByTechnician\IncidentsByTechnician.csproj", "{6073A3FC-E766-42AD-830E-8565619BE171}"
EndProject
Global
	GlobalSection(SolutionConfigurationPlatforms) = preSolution
		Debug|Any CPU = Debug|Any CPU
		Release|Any CPU = Release|Any CPU
	EndGlobalSection
	GlobalSection(ProjectConfigurationPlatforms) = postSolution
		{6073A3FC-E766-42AD-830E-8565619BE171}.Debug|Any CPU.ActiveCfg = Debug|Any CPU
		{6073A3FC-E766-42AD-830E-8565619BE171}.Debug|Any CPU.Build.0 = Debug|Any CPU
		{6073A3FC-E766-42AD-830E-8565619BE171}.Release|Any CPU.ActiveCfg = Release|Any CPU
		{6073A3FC-E766-42AD-830E-8565619BE171}.Release|Any CPU.Build.0 = Release|Any CPU
	EndGlobalSection
	GlobalSection(SolutionProperties) = preSolution
		HideSolutionNode = FALSE
	EndGlobalSection
	GlobalSection(ExtensibilityGlobals) = postSolution
		SolutionGuid = {8ED876B3-4192-4023-AAD2-9C9E629E8610}
	EndGlobalSection
EndGlobal
